
Microsoft Visual Studio Solution File, Format Version 12.00
# Visual Studio Version 16
VisualStudioVersion = 16.0.30413.136
MinimumVisualStudioVersion = 10.0.40219.1
Project("{FAE04EC0-301F-11D3-BF4B-00C04F79EFBC}") = "Tasks", "Tasks\Tasks.csproj", "{332192B5-EED6-465B-99AE-04C0CFC44A21}"
EndProject
Global
	GlobalSection(SolutionConfigurationPlatforms) = preSolution
		Debug|Any CPU = Debug|Any CPU
		Release|Any CPU = Release|Any CPU
	EndGlobalSection
	GlobalSection(ProjectConfigurationPlatforms) = postSolution
		{332192B5-EED6-465B-99AE-04C0CFC44A21}.Debug|Any CPU.ActiveCfg = Debug|Any CPU
		{332192B5-EED6-465B-99AE-04C0CFC44A21}.Debug|Any CPU.Build.0 = Debug|Any CPU
		{332192B5-EED6-465B-99AE-04C0CFC44A21}.Release|Any CPU.ActiveCfg = Release|Any CPU
		{332192B5-EED6-465B-99AE-04C0CFC44A21}.Release|Any CPU.Build.0 = Release|Any CPU
	EndGlobalSection
	GlobalSection(SolutionProperties) = preSolution
		HideSolutionNode = FALSE
	EndGlobalSection
	GlobalSection(ExtensibilityGlobals) = postSolution
		SolutionGuid = {E04F807F-0C1B-4927-BD9A-CFD5BC65FB52}
	EndGlobalSection
EndGlobal
